
Microsoft Visual Studio Solution File, Format Version 11.00
# Visual Studio 2010
Project("{FAE04EC0-301F-11D3-BF4B-00C04F79EFBC}") = "UnitTesting1", "UnitTesting1\UnitTesting1.csproj", "{04450ACA-B73B-48EB-98FC-2720301D2DF2}"
EndProject
Project("{FAE04EC0-301F-11D3-BF4B-00C04F79EFBC}") = "UnitTesting1.Tests", "UnitTesting1.Tests\UnitTesting1.Tests.csproj", "{2DA9634E-4403-4F5E-9F07-A22DF2B9588B}"
EndProject
Global
	GlobalSection(SolutionConfigurationPlatforms) = preSolution
		Debug|Any CPU = Debug|Any CPU
		Release|Any CPU = Release|Any CPU
	EndGlobalSection
	GlobalSection(ProjectConfigurationPlatforms) = postSolution
		{04450ACA-B73B-48EB-98FC-2720301D2DF2}.Debug|Any CPU.ActiveCfg = Debug|Any CPU
		{04450ACA-B73B-48EB-98FC-2720301D2DF2}.Debug|Any CPU.Build.0 = Debug|Any CPU
		{04450ACA-B73B-48EB-98FC-2720301D2DF2}.Release|Any CPU.ActiveCfg = Release|Any CPU
		{04450ACA-B73B-48EB-98FC-2720301D2DF2}.Release|Any CPU.Build.0 = Release|Any CPU
		{2DA9634E-4403-4F5E-9F07-A22DF2B9588B}.Debug|Any CPU.ActiveCfg = Debug|Any CPU
		{2DA9634E-4403-4F5E-9F07-A22DF2B9588B}.Debug|Any CPU.Build.0 = Debug|Any CPU
		{2DA9634E-4403-4F5E-9F07-A22DF2B9588B}.Release|Any CPU.ActiveCfg = Release|Any CPU
		{2DA9634E-4403-4F5E-9F07-A22DF2B9588B}.Release|Any CPU.Build.0 = Release|Any CPU
	EndGlobalSection
	GlobalSection(SolutionProperties) = preSolution
		HideSolutionNode = FALSE
	EndGlobalSection
EndGlobal
